
Microsoft Visual Studio Solution File, Format Version 12.00
# Visual Studio Version 17
VisualStudioVersion = 17.8.34330.188
MinimumVisualStudioVersion = 10.0.40219.1
Project("{FAE04EC0-301F-11D3-BF4B-00C04F79EFBC}") = "GeumeumttalGroup.KoreanDictionaryClient.Core", "GeumeumttalGroup.KoreanDictionaryClient.Core\GeumeumttalGroup.KoreanDictionaryClient.Core.csproj", "{1BF58455-B71C-4C2B-A56B-659786CE813A}"
EndProject
Global
	GlobalSection(SolutionConfigurationPlatforms) = preSolution
		Debug|Any CPU = Debug|Any CPU
		Release|Any CPU = Release|Any CPU
	EndGlobalSection
	GlobalSection(ProjectConfigurationPlatforms) = postSolution
		{1BF58455-B71C-4C2B-A56B-659786CE813A}.Debug|Any CPU.ActiveCfg = Debug|Any CPU
		{1BF58455-B71C-4C2B-A56B-659786CE813A}.Debug|Any CPU.Build.0 = Debug|Any CPU
		{1BF58455-B71C-4C2B-A56B-659786CE813A}.Release|Any CPU.ActiveCfg = Release|Any CPU
		{1BF58455-B71C-4C2B-A56B-659786CE813A}.Release|Any CPU.Build.0 = Release|Any CPU
	EndGlobalSection
	GlobalSection(SolutionProperties) = preSolution
		HideSolutionNode = FALSE
	EndGlobalSection
	GlobalSection(ExtensibilityGlobals) = postSolution
		SolutionGuid = {F116CCB6-E4FF-4D81-9B5D-6B26928C101C}
	EndGlobalSection
EndGlobal
